
Microsoft Visual Studio Solution File, Format Version 12.00
# Visual Studio Version 17
VisualStudioVersion = 17.4.33110.190
MinimumVisualStudioVersion = 10.0.40219.1
Project("{FAE04EC0-301F-11D3-BF4B-00C04F79EFBC}") = "projeto_modulo4", "projeto_modulo4\projeto_modulo4.csproj", "{46AB2E59-ABEE-4A79-80E8-036F209766E5}"
EndProject
Global
	GlobalSection(SolutionConfigurationPlatforms) = preSolution
		Debug|Any CPU = Debug|Any CPU
		Release|Any CPU = Release|Any CPU
	EndGlobalSection
	GlobalSection(ProjectConfigurationPlatforms) = postSolution
		{46AB2E59-ABEE-4A79-80E8-036F209766E5}.Debug|Any CPU.ActiveCfg = Debug|Any CPU
		{46AB2E59-ABEE-4A79-80E8-036F209766E5}.Debug|Any CPU.Build.0 = Debug|Any CPU
		{46AB2E59-ABEE-4A79-80E8-036F209766E5}.Release|Any CPU.ActiveCfg = Release|Any CPU
		{46AB2E59-ABEE-4A79-80E8-036F209766E5}.Release|Any CPU.Build.0 = Release|Any CPU
	EndGlobalSection
	GlobalSection(SolutionProperties) = preSolution
		HideSolutionNode = FALSE
	EndGlobalSection
	GlobalSection(ExtensibilityGlobals) = postSolution
		SolutionGuid = {208574BE-4854-4CFC-916E-8C4EC541D9DA}
	EndGlobalSection
EndGlobal
